
Microsoft Visual Studio Solution File, Format Version 12.00
# Visual Studio Version 17
VisualStudioVersion = 17.0.31903.59
MinimumVisualStudioVersion = 10.0.40219.1
Project("{2150E333-8FDC-42A3-9474-1A3956D46DE8}") = "src", "src", "{1409992E-FDD9-432E-A315-00A35F6199E7}"
EndProject
Project("{FAE04EC0-301F-11D3-BF4B-00C04F79EFBC}") = "WindowManager", "src\WindowManager\WindowManager.csproj", "{DC679890-B4B0-4A6A-838B-966EEFE41BCD}"
EndProject
Project("{2150E333-8FDC-42A3-9474-1A3956D46DE8}") = "tests", "tests", "{31CD5283-44DE-4ACA-823B-ED10BDB229ED}"
EndProject
Project("{FAE04EC0-301F-11D3-BF4B-00C04F79EFBC}") = "WindowManager.Tests", "tests\WindowManager.Tests\WindowManager.Tests.csproj", "{155C9711-8D53-4495-B4D0-5BB1D05716DC}"
EndProject
Global
	GlobalSection(SolutionConfigurationPlatforms) = preSolution
		Debug|Any CPU = Debug|Any CPU
		Release|Any CPU = Release|Any CPU
	EndGlobalSection
	GlobalSection(SolutionProperties) = preSolution
		HideSolutionNode = FALSE
	EndGlobalSection
	GlobalSection(ProjectConfigurationPlatforms) = postSolution
		{DC679890-B4B0-4A6A-838B-966EEFE41BCD}.Debug|Any CPU.ActiveCfg = Debug|Any CPU
		{DC679890-B4B0-4A6A-838B-966EEFE41BCD}.Debug|Any CPU.Build.0 = Debug|Any CPU
		{DC679890-B4B0-4A6A-838B-966EEFE41BCD}.Release|Any CPU.ActiveCfg = Release|Any CPU
		{DC679890-B4B0-4A6A-838B-966EEFE41BCD}.Release|Any CPU.Build.0 = Release|Any CPU
		{155C9711-8D53-4495-B4D0-5BB1D05716DC}.Debug|Any CPU.ActiveCfg = Debug|Any CPU
		{155C9711-8D53-4495-B4D0-5BB1D05716DC}.Debug|Any CPU.Build.0 = Debug|Any CPU
		{155C9711-8D53-4495-B4D0-5BB1D05716DC}.Release|Any CPU.ActiveCfg = Release|Any CPU
		{155C9711-8D53-4495-B4D0-5BB1D05716DC}.Release|Any CPU.Build.0 = Release|Any CPU
	EndGlobalSection
	GlobalSection(NestedProjects) = preSolution
		{DC679890-B4B0-4A6A-838B-966EEFE41BCD} = {1409992E-FDD9-432E-A315-00A35F6199E7}
		{155C9711-8D53-4495-B4D0-5BB1D05716DC} = {31CD5283-44DE-4ACA-823B-ED10BDB229ED}
	EndGlobalSection
EndGlobal
